
Microsoft Visual Studio Solution File, Format Version 12.00
# Visual Studio 14
VisualStudioVersion = 14.0.24720.0
MinimumVisualStudioVersion = 10.0.40219.1
Project("{FAE04EC0-301F-11D3-BF4B-00C04F79EFBC}") = "Special characters", "Special characters\Special characters.csproj", "{B1FCCF90-BD64-4046-978C-14817A1EF831}"
EndProject
Global
	GlobalSection(SolutionConfigurationPlatforms) = preSolution
		Debug|Any CPU = Debug|Any CPU
		Release|Any CPU = Release|Any CPU
	EndGlobalSection
	GlobalSection(ProjectConfigurationPlatforms) = postSolution
		{B1FCCF90-BD64-4046-978C-14817A1EF831}.Debug|Any CPU.ActiveCfg = Debug|Any CPU
		{B1FCCF90-BD64-4046-978C-14817A1EF831}.Debug|Any CPU.Build.0 = Debug|Any CPU
		{B1FCCF90-BD64-4046-978C-14817A1EF831}.Release|Any CPU.ActiveCfg = Release|Any CPU
		{B1FCCF90-BD64-4046-978C-14817A1EF831}.Release|Any CPU.Build.0 = Release|Any CPU
	EndGlobalSection
	GlobalSection(SolutionProperties) = preSolution
		HideSolutionNode = FALSE
	EndGlobalSection
EndGlobal
