
Microsoft Visual Studio Solution File, Format Version 12.00
# Visual Studio 14
VisualStudioVersion = 14.0.24720.0
MinimumVisualStudioVersion = 10.0.40219.1
Project("{FAE04EC0-301F-11D3-BF4B-00C04F79EFBC}") = "Integer division", "Integer division\Integer division.csproj", "{B52B7980-1504-4EF7-926C-F8262B21B760}"
EndProject
Global
	GlobalSection(SolutionConfigurationPlatforms) = preSolution
		Debug|Any CPU = Debug|Any CPU
		Release|Any CPU = Release|Any CPU
	EndGlobalSection
	GlobalSection(ProjectConfigurationPlatforms) = postSolution
		{B52B7980-1504-4EF7-926C-F8262B21B760}.Debug|Any CPU.ActiveCfg = Debug|Any CPU
		{B52B7980-1504-4EF7-926C-F8262B21B760}.Debug|Any CPU.Build.0 = Debug|Any CPU
		{B52B7980-1504-4EF7-926C-F8262B21B760}.Release|Any CPU.ActiveCfg = Release|Any CPU
		{B52B7980-1504-4EF7-926C-F8262B21B760}.Release|Any CPU.Build.0 = Release|Any CPU
	EndGlobalSection
	GlobalSection(SolutionProperties) = preSolution
		HideSolutionNode = FALSE
	EndGlobalSection
EndGlobal
