
Microsoft Visual Studio Solution File, Format Version 12.00
# Visual Studio 14
VisualStudioVersion = 14.0.24720.0
MinimumVisualStudioVersion = 10.0.40219.1
Project("{FAE04EC0-301F-11D3-BF4B-00C04F79EFBC}") = "Calculations with variables", "Calculations with variables\Calculations with variables.csproj", "{4F6A8AE4-69B4-48DE-A7ED-E9DEFA2C1A9C}"
EndProject
Global
	GlobalSection(SolutionConfigurationPlatforms) = preSolution
		Debug|Any CPU = Debug|Any CPU
		Release|Any CPU = Release|Any CPU
	EndGlobalSection
	GlobalSection(ProjectConfigurationPlatforms) = postSolution
		{4F6A8AE4-69B4-48DE-A7ED-E9DEFA2C1A9C}.Debug|Any CPU.ActiveCfg = Debug|Any CPU
		{4F6A8AE4-69B4-48DE-A7ED-E9DEFA2C1A9C}.Debug|Any CPU.Build.0 = Debug|Any CPU
		{4F6A8AE4-69B4-48DE-A7ED-E9DEFA2C1A9C}.Release|Any CPU.ActiveCfg = Release|Any CPU
		{4F6A8AE4-69B4-48DE-A7ED-E9DEFA2C1A9C}.Release|Any CPU.Build.0 = Release|Any CPU
	EndGlobalSection
	GlobalSection(SolutionProperties) = preSolution
		HideSolutionNode = FALSE
	EndGlobalSection
EndGlobal
