
Microsoft Visual Studio Solution File, Format Version 12.00
# Visual Studio 14
VisualStudioVersion = 14.0.24720.0
MinimumVisualStudioVersion = 10.0.40219.1
Project("{FAE04EC0-301F-11D3-BF4B-00C04F79EFBC}") = "Year quarter", "Year quarter\Year quarter.csproj", "{DE218FEB-10ED-40FD-A013-5A84184E9DA0}"
EndProject
Global
	GlobalSection(SolutionConfigurationPlatforms) = preSolution
		Debug|Any CPU = Debug|Any CPU
		Release|Any CPU = Release|Any CPU
	EndGlobalSection
	GlobalSection(ProjectConfigurationPlatforms) = postSolution
		{DE218FEB-10ED-40FD-A013-5A84184E9DA0}.Debug|Any CPU.ActiveCfg = Debug|Any CPU
		{DE218FEB-10ED-40FD-A013-5A84184E9DA0}.Debug|Any CPU.Build.0 = Debug|Any CPU
		{DE218FEB-10ED-40FD-A013-5A84184E9DA0}.Release|Any CPU.ActiveCfg = Release|Any CPU
		{DE218FEB-10ED-40FD-A013-5A84184E9DA0}.Release|Any CPU.Build.0 = Release|Any CPU
	EndGlobalSection
	GlobalSection(SolutionProperties) = preSolution
		HideSolutionNode = FALSE
	EndGlobalSection
EndGlobal
