
Microsoft Visual Studio Solution File, Format Version 12.00
# Visual Studio 14
VisualStudioVersion = 14.0.24720.0
MinimumVisualStudioVersion = 10.0.40219.1
Project("{FAE04EC0-301F-11D3-BF4B-00C04F79EFBC}") = "Spanish day of week", "Spanish day of week\Spanish day of week.csproj", "{C934C75F-3F79-4C8B-9CFF-749681B8C23B}"
EndProject
Global
	GlobalSection(SolutionConfigurationPlatforms) = preSolution
		Debug|Any CPU = Debug|Any CPU
		Release|Any CPU = Release|Any CPU
	EndGlobalSection
	GlobalSection(ProjectConfigurationPlatforms) = postSolution
		{C934C75F-3F79-4C8B-9CFF-749681B8C23B}.Debug|Any CPU.ActiveCfg = Debug|Any CPU
		{C934C75F-3F79-4C8B-9CFF-749681B8C23B}.Debug|Any CPU.Build.0 = Debug|Any CPU
		{C934C75F-3F79-4C8B-9CFF-749681B8C23B}.Release|Any CPU.ActiveCfg = Release|Any CPU
		{C934C75F-3F79-4C8B-9CFF-749681B8C23B}.Release|Any CPU.Build.0 = Release|Any CPU
	EndGlobalSection
	GlobalSection(SolutionProperties) = preSolution
		HideSolutionNode = FALSE
	EndGlobalSection
EndGlobal
